
Microsoft Visual Studio Solution File, Format Version 12.00
# Visual Studio Version 17
VisualStudioVersion = 17.5.2.0
MinimumVisualStudioVersion = 10.0.40219.1
Project("{FAE04EC0-301F-11D3-BF4B-00C04F79EFBC}") = "HexGrid.Lib", "HexGrid.Lib\HexGrid.Lib.csproj", "{32E493D8-C0DA-4C3B-985F-CFB68F707F3B}"
EndProject
Project("{FAE04EC0-301F-11D3-BF4B-00C04F79EFBC}") = "HexGrid.Tests", "HexGrid.Tests\HexGrid.Tests.csproj", "{79FC8549-5C3D-4327-8F0D-EC9C862CEE46}"
EndProject
Project("{FAE04EC0-301F-11D3-BF4B-00C04F79EFBC}") = "HexGrid.Demo", "HexGrid.Demo\HexGrid.Demo.csproj", "{E192603B-4D77-426D-8210-87A760BF7AFF}"
EndProject
Global
	GlobalSection(SolutionConfigurationPlatforms) = preSolution
		Debug|Any CPU = Debug|Any CPU
		Debug|x64 = Debug|x64
		Debug|x86 = Debug|x86
		Release|Any CPU = Release|Any CPU
		Release|x64 = Release|x64
		Release|x86 = Release|x86
	EndGlobalSection
	GlobalSection(ProjectConfigurationPlatforms) = postSolution
		{32E493D8-C0DA-4C3B-985F-CFB68F707F3B}.Debug|Any CPU.ActiveCfg = Debug|Any CPU
		{32E493D8-C0DA-4C3B-985F-CFB68F707F3B}.Debug|Any CPU.Build.0 = Debug|Any CPU
		{32E493D8-C0DA-4C3B-985F-CFB68F707F3B}.Debug|x64.ActiveCfg = Debug|Any CPU
		{32E493D8-C0DA-4C3B-985F-CFB68F707F3B}.Debug|x64.Build.0 = Debug|Any CPU
		{32E493D8-C0DA-4C3B-985F-CFB68F707F3B}.Debug|x86.ActiveCfg = Debug|Any CPU
		{32E493D8-C0DA-4C3B-985F-CFB68F707F3B}.Debug|x86.Build.0 = Debug|Any CPU
		{32E493D8-C0DA-4C3B-985F-CFB68F707F3B}.Release|Any CPU.ActiveCfg = Release|Any CPU
		{32E493D8-C0DA-4C3B-985F-CFB68F707F3B}.Release|Any CPU.Build.0 = Release|Any CPU
		{32E493D8-C0DA-4C3B-985F-CFB68F707F3B}.Release|x64.ActiveCfg = Release|Any CPU
		{32E493D8-C0DA-4C3B-985F-CFB68F707F3B}.Release|x64.Build.0 = Release|Any CPU
		{32E493D8-C0DA-4C3B-985F-CFB68F707F3B}.Release|x86.ActiveCfg = Release|Any CPU
		{32E493D8-C0DA-4C3B-985F-CFB68F707F3B}.Release|x86.Build.0 = Release|Any CPU
		{79FC8549-5C3D-4327-8F0D-EC9C862CEE46}.Debug|Any CPU.ActiveCfg = Debug|Any CPU
		{79FC8549-5C3D-4327-8F0D-EC9C862CEE46}.Debug|Any CPU.Build.0 = Debug|Any CPU
		{79FC8549-5C3D-4327-8F0D-EC9C862CEE46}.Debug|x64.ActiveCfg = Debug|Any CPU
		{79FC8549-5C3D-4327-8F0D-EC9C862CEE46}.Debug|x64.Build.0 = Debug|Any CPU
		{79FC8549-5C3D-4327-8F0D-EC9C862CEE46}.Debug|x86.ActiveCfg = Debug|Any CPU
		{79FC8549-5C3D-4327-8F0D-EC9C862CEE46}.Debug|x86.Build.0 = Debug|Any CPU
		{79FC8549-5C3D-4327-8F0D-EC9C862CEE46}.Release|Any CPU.ActiveCfg = Release|Any CPU
		{79FC8549-5C3D-4327-8F0D-EC9C862CEE46}.Release|Any CPU.Build.0 = Release|Any CPU
		{79FC8549-5C3D-4327-8F0D-EC9C862CEE46}.Release|x64.ActiveCfg = Release|Any CPU
		{79FC8549-5C3D-4327-8F0D-EC9C862CEE46}.Release|x64.Build.0 = Release|Any CPU
		{79FC8549-5C3D-4327-8F0D-EC9C862CEE46}.Release|x86.ActiveCfg = Release|Any CPU
		{79FC8549-5C3D-4327-8F0D-EC9C862CEE46}.Release|x86.Build.0 = Release|Any CPU
		{E192603B-4D77-426D-8210-87A760BF7AFF}.Debug|Any CPU.ActiveCfg = Debug|Any CPU
		{E192603B-4D77-426D-8210-87A760BF7AFF}.Debug|Any CPU.Build.0 = Debug|Any CPU
		{E192603B-4D77-426D-8210-87A760BF7AFF}.Debug|x64.ActiveCfg = Debug|Any CPU
		{E192603B-4D77-426D-8210-87A760BF7AFF}.Debug|x64.Build.0 = Debug|Any CPU
		{E192603B-4D77-426D-8210-87A760BF7AFF}.Debug|x86.ActiveCfg = Debug|Any CPU
		{E192603B-4D77-426D-8210-87A760BF7AFF}.Debug|x86.Build.0 = Debug|Any CPU
		{E192603B-4D77-426D-8210-87A760BF7AFF}.Release|Any CPU.ActiveCfg = Release|Any CPU
		{E192603B-4D77-426D-8210-87A760BF7AFF}.Release|Any CPU.Build.0 = Release|Any CPU
		{E192603B-4D77-426D-8210-87A760BF7AFF}.Release|x64.ActiveCfg = Release|Any CPU
		{E192603B-4D77-426D-8210-87A760BF7AFF}.Release|x64.Build.0 = Release|Any CPU
		{E192603B-4D77-426D-8210-87A760BF7AFF}.Release|x86.ActiveCfg = Release|Any CPU
		{E192603B-4D77-426D-8210-87A760BF7AFF}.Release|x86.Build.0 = Release|Any CPU
	EndGlobalSection
	GlobalSection(SolutionProperties) = preSolution
		HideSolutionNode = FALSE
	EndGlobalSection
	GlobalSection(ExtensibilityGlobals) = postSolution
		SolutionGuid = {A683FB55-D532-41D4-9CC2-B78F45C3CF67}
	EndGlobalSection
EndGlobal
